
Microsoft Visual Studio Solution File, Format Version 12.00
Project("{FAE04EC0-301F-11D3-BF4B-00C04F79EFBC}") = "Task.Api", "Task.Api\Task.Api.csproj", "{75B43689-C0C4-4ED2-940C-CF07583B814C}"
EndProject
Global
	GlobalSection(SolutionConfigurationPlatforms) = preSolution
		Debug|Any CPU = Debug|Any CPU
		Release|Any CPU = Release|Any CPU
	EndGlobalSection
	GlobalSection(ProjectConfigurationPlatforms) = postSolution
		{75B43689-C0C4-4ED2-940C-CF07583B814C}.Debug|Any CPU.ActiveCfg = Debug|Any CPU
		{75B43689-C0C4-4ED2-940C-CF07583B814C}.Debug|Any CPU.Build.0 = Debug|Any CPU
		{75B43689-C0C4-4ED2-940C-CF07583B814C}.Release|Any CPU.ActiveCfg = Release|Any CPU
		{75B43689-C0C4-4ED2-940C-CF07583B814C}.Release|Any CPU.Build.0 = Release|Any CPU
	EndGlobalSection
EndGlobal
